
Microsoft Visual Studio Solution File, Format Version 12.00
# Visual Studio Version 16
VisualStudioVersion = 16.0.30717.126
MinimumVisualStudioVersion = 10.0.40219.1
Project("{FAE04EC0-301F-11D3-BF4B-00C04F79EFBC}") = "Domain", "Domain\Domain.csproj", "{79335840-3817-4FE8-BBCA-EC81F8DE373E}"
EndProject
Project("{FAE04EC0-301F-11D3-BF4B-00C04F79EFBC}") = "Application", "Application\Application.csproj", "{A5E85BA9-0F6E-41E1-A304-3A0D7133D2BA}"
EndProject
Project("{FAE04EC0-301F-11D3-BF4B-00C04F79EFBC}") = "Persistence", "Persistence\Persistence.csproj", "{9E7C0EB5-B883-438F-92F8-FE34C38C59BA}"
EndProject
Project("{FAE04EC0-301F-11D3-BF4B-00C04F79EFBC}") = "API", "API\API.csproj", "{B65A757B-593C-49AA-9AA0-C0690B92FF7B}"
EndProject
Global
	GlobalSection(SolutionConfigurationPlatforms) = preSolution
		Debug|Any CPU = Debug|Any CPU
		Release|Any CPU = Release|Any CPU
	EndGlobalSection
	GlobalSection(ProjectConfigurationPlatforms) = postSolution
		{79335840-3817-4FE8-BBCA-EC81F8DE373E}.Debug|Any CPU.ActiveCfg = Debug|Any CPU
		{79335840-3817-4FE8-BBCA-EC81F8DE373E}.Debug|Any CPU.Build.0 = Debug|Any CPU
		{79335840-3817-4FE8-BBCA-EC81F8DE373E}.Release|Any CPU.ActiveCfg = Release|Any CPU
		{79335840-3817-4FE8-BBCA-EC81F8DE373E}.Release|Any CPU.Build.0 = Release|Any CPU
		{A5E85BA9-0F6E-41E1-A304-3A0D7133D2BA}.Debug|Any CPU.ActiveCfg = Debug|Any CPU
		{A5E85BA9-0F6E-41E1-A304-3A0D7133D2BA}.Debug|Any CPU.Build.0 = Debug|Any CPU
		{A5E85BA9-0F6E-41E1-A304-3A0D7133D2BA}.Release|Any CPU.ActiveCfg = Release|Any CPU
		{A5E85BA9-0F6E-41E1-A304-3A0D7133D2BA}.Release|Any CPU.Build.0 = Release|Any CPU
		{9E7C0EB5-B883-438F-92F8-FE34C38C59BA}.Debug|Any CPU.ActiveCfg = Debug|Any CPU
		{9E7C0EB5-B883-438F-92F8-FE34C38C59BA}.Debug|Any CPU.Build.0 = Debug|Any CPU
		{9E7C0EB5-B883-438F-92F8-FE34C38C59BA}.Release|Any CPU.ActiveCfg = Release|Any CPU
		{9E7C0EB5-B883-438F-92F8-FE34C38C59BA}.Release|Any CPU.Build.0 = Release|Any CPU
		{B65A757B-593C-49AA-9AA0-C0690B92FF7B}.Debug|Any CPU.ActiveCfg = Debug|Any CPU
		{B65A757B-593C-49AA-9AA0-C0690B92FF7B}.Debug|Any CPU.Build.0 = Debug|Any CPU
		{B65A757B-593C-49AA-9AA0-C0690B92FF7B}.Release|Any CPU.ActiveCfg = Release|Any CPU
		{B65A757B-593C-49AA-9AA0-C0690B92FF7B}.Release|Any CPU.Build.0 = Release|Any CPU
	EndGlobalSection
	GlobalSection(SolutionProperties) = preSolution
		HideSolutionNode = FALSE
	EndGlobalSection
	GlobalSection(ExtensibilityGlobals) = postSolution
		SolutionGuid = {D0BC7D35-0E50-429E-A2AB-CDF2CA340EA6}
	EndGlobalSection
EndGlobal
